
Microsoft Visual Studio Solution File, Format Version 12.00
# Visual Studio Version 16
VisualStudioVersion = 16.0.32126.315
MinimumVisualStudioVersion = 10.0.40219.1
Project("{FAE04EC0-301F-11D3-BF4B-00C04F79EFBC}") = "backend", "backend.csproj", "{8665DA67-6B8F-45EB-98F9-05B7739C7658}"
EndProject
Global
	GlobalSection(SolutionConfigurationPlatforms) = preSolution
		Debug|Any CPU = Debug|Any CPU
		Release|Any CPU = Release|Any CPU
	EndGlobalSection
	GlobalSection(ProjectConfigurationPlatforms) = postSolution
		{8665DA67-6B8F-45EB-98F9-05B7739C7658}.Debug|Any CPU.ActiveCfg = Debug|Any CPU
		{8665DA67-6B8F-45EB-98F9-05B7739C7658}.Debug|Any CPU.Build.0 = Debug|Any CPU
		{8665DA67-6B8F-45EB-98F9-05B7739C7658}.Release|Any CPU.ActiveCfg = Release|Any CPU
		{8665DA67-6B8F-45EB-98F9-05B7739C7658}.Release|Any CPU.Build.0 = Release|Any CPU
	EndGlobalSection
	GlobalSection(SolutionProperties) = preSolution
		HideSolutionNode = FALSE
	EndGlobalSection
	GlobalSection(ExtensibilityGlobals) = postSolution
		SolutionGuid = {EEEFA90E-0AD9-467C-BA7D-96DB8F6B50B8}
	EndGlobalSection
EndGlobal
