
Microsoft Visual Studio Solution File, Format Version 12.00
# Visual Studio Version 16
VisualStudioVersion = 16.0.31105.61
MinimumVisualStudioVersion = 10.0.40219.1
Project("{FAE04EC0-301F-11D3-BF4B-00C04F79EFBC}") = "WebApi", "WebApi.csproj", "{FA0B598C-DBB9-45E0-828A-94C6C50984CD}"
EndProject
Global
	GlobalSection(SolutionConfigurationPlatforms) = preSolution
		Debug|Any CPU = Debug|Any CPU
		Release|Any CPU = Release|Any CPU
	EndGlobalSection
	GlobalSection(ProjectConfigurationPlatforms) = postSolution
		{FA0B598C-DBB9-45E0-828A-94C6C50984CD}.Debug|Any CPU.ActiveCfg = Debug|Any CPU
		{FA0B598C-DBB9-45E0-828A-94C6C50984CD}.Debug|Any CPU.Build.0 = Debug|Any CPU
		{FA0B598C-DBB9-45E0-828A-94C6C50984CD}.Release|Any CPU.ActiveCfg = Release|Any CPU
		{FA0B598C-DBB9-45E0-828A-94C6C50984CD}.Release|Any CPU.Build.0 = Release|Any CPU
	EndGlobalSection
	GlobalSection(SolutionProperties) = preSolution
		HideSolutionNode = FALSE
	EndGlobalSection
	GlobalSection(ExtensibilityGlobals) = postSolution
		SolutionGuid = {7B9084A8-674E-4644-9837-3D846EB00E11}
	EndGlobalSection
EndGlobal
