
Microsoft Visual Studio Solution File, Format Version 12.00
# Visual Studio Version 16
VisualStudioVersion = 16.0.31729.503
MinimumVisualStudioVersion = 10.0.40219.1
Project("{FAE04EC0-301F-11D3-BF4B-00C04F79EFBC}") = "WebApplication", "WebApplication.csproj", "{1CCAE1FD-B9F5-4F2C-86B3-A10A8E19B45E}"
EndProject
Global
	GlobalSection(SolutionConfigurationPlatforms) = preSolution
		Debug|Any CPU = Debug|Any CPU
		Release|Any CPU = Release|Any CPU
	EndGlobalSection
	GlobalSection(ProjectConfigurationPlatforms) = postSolution
		{1CCAE1FD-B9F5-4F2C-86B3-A10A8E19B45E}.Debug|Any CPU.ActiveCfg = Debug|Any CPU
		{1CCAE1FD-B9F5-4F2C-86B3-A10A8E19B45E}.Debug|Any CPU.Build.0 = Debug|Any CPU
		{1CCAE1FD-B9F5-4F2C-86B3-A10A8E19B45E}.Release|Any CPU.ActiveCfg = Release|Any CPU
		{1CCAE1FD-B9F5-4F2C-86B3-A10A8E19B45E}.Release|Any CPU.Build.0 = Release|Any CPU
	EndGlobalSection
	GlobalSection(SolutionProperties) = preSolution
		HideSolutionNode = FALSE
	EndGlobalSection
	GlobalSection(ExtensibilityGlobals) = postSolution
		SolutionGuid = {1A761843-2C74-4B14-870B-2E3DD43670CD}
	EndGlobalSection
EndGlobal
